// !$*UTF8*$!
{
	archiveVersion = 1;
	classes = {
	};
	objectVersion = 56;
	objects = {

/* Begin PBXBuildFile section */
		7D38D40F2C22C008002A6E62 /* RecordAddViewController.swift in Sources */ = {isa = PBXBuildFile; fileRef = 7D38D40E2C22C008002A6E62 /* RecordAddViewController.swift */; };
		7D38D4112C22DC29002A6E62 /* PopUpViewController.swift in Sources */ = {isa = PBXBuildFile; fileRef = 7D38D4102C22DC29002A6E62 /* PopUpViewController.swift */; };
		7DE957392C2250F200E4ABCD /* AppDelegate.swift in Sources */ = {isa = PBXBuildFile; fileRef = 7DE957382C2250F200E4ABCD /* AppDelegate.swift */; };
		7DE9573B2C2250F200E4ABCD /* SceneDelegate.swift in Sources */ = {isa = PBXBuildFile; fileRef = 7DE9573A2C2250F200E4ABCD /* SceneDelegate.swift */; };
		7DE9573D2C2250F200E4ABCD /* ViewController.swift in Sources */ = {isa = PBXBuildFile; fileRef = 7DE9573C2C2250F200E4ABCD /* ViewController.swift */; };
		7DE957402C2250F200E4ABCD /* Main.storyboard in Resources */ = {isa = PBXBuildFile; fileRef = 7DE9573E2C2250F200E4ABCD /* Main.storyboard */; };
		7DE957422C2250F500E4ABCD /* Assets.xcassets in Resources */ = {isa = PBXBuildFile; fileRef = 7DE957412C2250F500E4ABCD /* Assets.xcassets */; };
		7DE957452C2250F500E4ABCD /* LaunchScreen.storyboard in Resources */ = {isa = PBXBuildFile; fileRef = 7DE957432C2250F500E4ABCD /* LaunchScreen.storyboard */; };
		7DE9574D2C22515400E4ABCD /* MainViewController.swift in Sources */ = {isa = PBXBuildFile; fileRef = 7DE9574C2C22515400E4ABCD /* MainViewController.swift */; };
		7DE9574F2C22540700E4ABCD /* RecordCell.swift in Sources */ = {isa = PBXBuildFile; fileRef = 7DE9574E2C22540700E4ABCD /* RecordCell.swift */; };
/* End PBXBuildFile section */

/* Begin PBXFileReference section */
		7D38D40E2C22C008002A6E62 /* RecordAddViewController.swift */ = {isa = PBXFileReference; lastKnownFileType = sourcecode.swift; path = RecordAddViewController.swift; sourceTree = "<group>"; };
		7D38D4102C22DC29002A6E62 /* PopUpViewController.swift */ = {isa = PBXFileReference; lastKnownFileType = sourcecode.swift; path = PopUpViewController.swift; sourceTree = "<group>"; };
		7DE957352C2250F200E4ABCD /* Memorit2.app */ = {isa = PBXFileReference; explicitFileType = wrapper.application; includeInIndex = 0; path = Memorit2.app; sourceTree = BUILT_PRODUCTS_DIR; };
		7DE957382C2250F200E4ABCD /* AppDelegate.swift */ = {isa = PBXFileReference; lastKnownFileType = sourcecode.swift; path = AppDelegate.swift; sourceTree = "<group>"; };
		7DE9573A2C2250F200E4ABCD /* SceneDelegate.swift */ = {isa = PBXFileReference; lastKnownFileType = sourcecode.swift; path = SceneDelegate.swift; sourceTree = "<group>"; };
		7DE9573C2C2250F200E4ABCD /* ViewController.swift */ = {isa = PBXFileReference; lastKnownFileType = sourcecode.swift; path = ViewController.swift; sourceTree = "<group>"; };
		7DE9573F2C2250F200E4ABCD /* Base */ = {isa = PBXFileReference; lastKnownFileType = file.storyboard; name = Base; path = Base.lproj/Main.storyboard; sourceTree = "<group>"; };
		7DE957412C2250F500E4ABCD /* Assets.xcassets */ = {isa = PBXFileReference; lastKnownFileType = folder.assetcatalog; path = Assets.xcassets; sourceTree = "<group>"; };
		7DE957442C2250F500E4ABCD /* Base */ = {isa = PBXFileReference; lastKnownFileType = file.storyboard; name = Base; path = Base.lproj/LaunchScreen.storyboard; sourceTree = "<group>"; };
		7DE957462C2250F500E4ABCD /* Info.plist */ = {isa = PBXFileReference; lastKnownFileType = text.plist.xml; path = Info.plist; sourceTree = "<group>"; };
		7DE9574C2C22515400E4ABCD /* MainViewController.swift */ = {isa = PBXFileReference; lastKnownFileType = sourcecode.swift; path = MainViewController.swift; sourceTree = "<group>"; };
		7DE9574E2C22540700E4ABCD /* RecordCell.swift */ = {isa = PBXFileReference; lastKnownFileType = sourcecode.swift; path = RecordCell.swift; sourceTree = "<group>"; };
/* End PBXFileReference section */

/* Begin PBXFrameworksBuildPhase section */
		7DE957322C2250F200E4ABCD /* Frameworks */ = {
			isa = PBXFrameworksBuildPhase;
			buildActionMask = 2147483647;
			files = (
			);
			runOnlyForDeploymentPostprocessing = 0;
		};
/* End PBXFrameworksBuildPhase section */

/* Begin PBXGroup section */
		7DE9572C2C2250F200E4ABCD = {
			isa = PBXGroup;
			children = (
				7DE957372C2250F200E4ABCD /* Memorit2 */,
				7DE957362C2250F200E4ABCD /* Products */,
			);
			sourceTree = "<group>";
		};
		7DE957362C2250F200E4ABCD /* Products */ = {
			isa = PBXGroup;
			children = (
				7DE957352C2250F200E4ABCD /* Memorit2.app */,
			);
			name = Products;
			sourceTree = "<group>";
		};
		7DE957372C2250F200E4ABCD /* Memorit2 */ = {
			isa = PBXGroup;
			children = (
				7D38D4102C22DC29002A6E62 /* PopUpViewController.swift */,
				7DE9574E2C22540700E4ABCD /* RecordCell.swift */,
				7DE957382C2250F200E4ABCD /* AppDelegate.swift */,
				7DE9573A2C2250F200E4ABCD /* SceneDelegate.swift */,
				7DE9573C2C2250F200E4ABCD /* ViewController.swift */,
				7DE9573E2C2250F200E4ABCD /* Main.storyboard */,
				7D38D40E2C22C008002A6E62 /* RecordAddViewController.swift */,
				7DE9574C2C22515400E4ABCD /* MainViewController.swift */,
				7DE957412C2250F500E4ABCD /* Assets.xcassets */,
				7DE957432C2250F500E4ABCD /* LaunchScreen.storyboard */,
				7DE957462C2250F500E4ABCD /* Info.plist */,
			);
			path = Memorit2;
			sourceTree = "<group>";
		};
/* End PBXGroup section */

/* Begin PBXNativeTarget section */
		7DE957342C2250F200E4ABCD /* Memorit2 */ = {
			isa = PBXNativeTarget;
			buildConfigurationList = 7DE957492C2250F500E4ABCD /* Build configuration list for PBXNativeTarget "Memorit2" */;
			buildPhases = (
				7DE957312C2250F200E4ABCD /* Sources */,
				7DE957322C2250F200E4ABCD /* Frameworks */,
				7DE957332C2250F200E4ABCD /* Resources */,
			);
			buildRules = (
			);
			dependencies = (
			);
			name = Memorit2;
			productName = Memorit2;
			productReference = 7DE957352C2250F200E4ABCD /* Memorit2.app */;
			productType = "com.apple.product-type.application";
		};
/* End PBXNativeTarget section */

/* Begin PBXProject section */
		7DE9572D2C2250F200E4ABCD /* Project object */ = {
			isa = PBXProject;
			attributes = {
				BuildIndependentTargetsInParallel = 1;
				LastSwiftUpdateCheck = 1520;
				LastUpgradeCheck = 1520;
				TargetAttributes = {
					7DE957342C2250F200E4ABCD = {
						CreatedOnToolsVersion = 15.2;
					};
				};
			};
			buildConfigurationList = 7DE957302C2250F200E4ABCD /* Build configuration list for PBXProject "Memorit2" */;
			compatibilityVersion = "Xcode 14.0";
			developmentRegion = en;
			hasScannedForEncodings = 0;
			knownRegions = (
				en,
				Base,
			);
			mainGroup = 7DE9572C2C2250F200E4ABCD;
			productRefGroup = 7DE957362C2250F200E4ABCD /* Products */;
			projectDirPath = "";
			projectRoot = "";
			targets = (
				7DE957342C2250F200E4ABCD /* Memorit2 */,
			);
		};
/* End PBXProject section */

/* Begin PBXResourcesBuildPhase section */
		7DE957332C2250F200E4ABCD /* Resources */ = {
			isa = PBXResourcesBuildPhase;
			buildActionMask = 2147483647;
			files = (
				7DE957452C2250F500E4ABCD /* LaunchScreen.storyboard in Resources */,
				7DE957422C2250F500E4ABCD /* Assets.xcassets in Resources */,
				7DE957402C2250F200E4ABCD /* Main.storyboard in Resources */,
			);
			runOnlyForDeploymentPostprocessing = 0;
		};
/* End PBXResourcesBuildPhase section */

/* Begin PBXSourcesBuildPhase section */
		7DE957312C2250F200E4ABCD /* Sources */ = {
			isa = PBXSourcesBuildPhase;
			buildActionMask = 2147483647;
			files = (
				7DE9573D2C2250F200E4ABCD /* ViewController.swift in Sources */,
				7DE957392C2250F200E4ABCD /* AppDelegate.swift in Sources */,
				7D38D4112C22DC29002A6E62 /* PopUpViewController.swift in Sources */,
				7DE9573B2C2250F200E4ABCD /* SceneDelegate.swift in Sources */,
				7DE9574D2C22515400E4ABCD /* MainViewController.swift in Sources */,
				7DE9574F2C22540700E4ABCD /* RecordCell.swift in Sources */,
				7D38D40F2C22C008002A6E62 /* RecordAddViewController.swift in Sources */,
			);
			runOnlyForDeploymentPostprocessing = 0;
		};
/* End PBXSourcesBuildPhase section */

/* Begin PBXVariantGroup section */
		7DE9573E2C2250F200E4ABCD /* Main.storyboard */ = {
			isa = PBXVariantGroup;
			children = (
				7DE9573F2C2250F200E4ABCD /* Base */,
			);
			name = Main.storyboard;
			sourceTree = "<group>";
		};
		7DE957432C2250F500E4ABCD /* LaunchScreen.storyboard */ = {
			isa = PBXVariantGroup;
			children = (
				7DE957442C2250F500E4ABCD /* Base */,
			);
			name = LaunchScreen.storyboard;
			sourceTree = "<group>";
		};
/* End PBXVariantGroup section */

/* Begin XCBuildConfiguration section */
		7DE957472C2250F500E4ABCD /* Debug */ = {
			isa = XCBuildConfiguration;
			buildSettings = {
				ALWAYS_SEARCH_USER_PATHS = NO;
				ASSETCATALOG_COMPILER_GENERATE_SWIFT_ASSET_SYMBOL_EXTENSIONS = YES;
				CLANG_ANALYZER_NONNULL = YES;
				CLANG_ANALYZER_NUMBER_OBJECT_CONVERSION = YES_AGGRESSIVE;
				CLANG_CXX_LANGUAGE_STANDARD = "gnu++20";
				CLANG_ENABLE_MODULES = YES;
				CLANG_ENABLE_OBJC_ARC = YES;
				CLANG_ENABLE_OBJC_WEAK = YES;
				CLANG_WARN_BLOCK_CAPTURE_AUTORELEASING = YES;
				CLANG_WARN_BOOL_CONVERSION = YES;
				CLANG_WARN_COMMA = YES;
				CLANG_WARN_CONSTANT_CONVERSION = YES;
				CLANG_WARN_DEPRECATED_OBJC_IMPLEMENTATIONS = YES;
				CLANG_WARN_DIRECT_OBJC_ISA_USAGE = YES_ERROR;
				CLANG_WARN_DOCUMENTATION_COMMENTS = YES;
				CLANG_WARN_EMPTY_BODY = YES;
				CLANG_WARN_ENUM_CONVERSION = YES;
				CLANG_WARN_INFINITE_RECURSION = YES;
				CLANG_WARN_INT_CONVERSION = YES;
				CLANG_WARN_NON_LITERAL_NULL_CONVERSION = YES;
				CLANG_WARN_OBJC_IMPLICIT_RETAIN_SELF = YES;
				CLANG_WARN_OBJC_LITERAL_CONVERSION = YES;
				CLANG_WARN_OBJC_ROOT_CLASS = YES_ERROR;
				CLANG_WARN_QUOTED_INCLUDE_IN_FRAMEWORK_HEADER = YES;
				CLANG_WARN_RANGE_LOOP_ANALYSIS = YES;
				CLANG_WARN_STRICT_PROTOTYPES = YES;
				CLANG_WARN_SUSPICIOUS_MOVE = YES;
				CLANG_WARN_UNGUARDED_AVAILABILITY = YES_AGGRESSIVE;
				CLANG_WARN_UNREACHABLE_CODE = YES;
				CLANG_WARN__DUPLICATE_METHOD_MATCH = YES;
				COPY_PHASE_STRIP = NO;
				DEBUG_INFORMATION_FORMAT = dwarf;
				ENABLE_STRICT_OBJC_MSGSEND = YES;
				ENABLE_TESTABILITY = YES;
				ENABLE_USER_SCRIPT_SANDBOXING = YES;
				GCC_C_LANGUAGE_STANDARD = gnu17;
				GCC_DYNAMIC_NO_PIC = NO;
				GCC_NO_COMMON_BLOCKS = YES;
				GCC_OPTIMIZATION_LEVEL = 0;
				GCC_PREPROCESSOR_DEFINITIONS = (
					"DEBUG=1",
					"$(inherited)",
				);
				GCC_WARN_64_TO_32_BIT_CONVERSION = YES;
				GCC_WARN_ABOUT_RETURN_TYPE = YES_ERROR;
				GCC_WARN_UNDECLARED_SELECTOR = YES;
				GCC_WARN_UNINITIALIZED_AUTOS = YES_AGGRESSIVE;
				GCC_WARN_UNUSED_FUNCTION = YES;
				GCC_WARN_UNUSED_VARIABLE = YES;
				IPHONEOS_DEPLOYMENT_TARGET = 17.2;
				LOCALIZATION_PREFERS_STRING_CATALOGS = YES;
				MTL_ENABLE_DEBUG_INFO = INCLUDE_SOURCE;
				MTL_FAST_MATH = YES;
				ONLY_ACTIVE_ARCH = YES;
				SDKROOT = iphoneos;
				SWIFT_ACTIVE_COMPILATION_CONDITIONS = "DEBUG $(inherited)";
				SWIFT_OPTIMIZATION_LEVEL = "-Onone";
			};
			name = Debug;
		};
		7DE957482C2250F500E4ABCD /* Release */ = {
			isa = XCBuildConfiguration;
			buildSettings = {
				ALWAYS_SEARCH_USER_PATHS = NO;
				ASSETCATALOG_COMPILER_GENERATE_SWIFT_ASSET_SYMBOL_EXTENSIONS = YES;
				CLANG_ANALYZER_NONNULL = YES;
				CLANG_ANALYZER_NUMBER_OBJECT_CONVERSION = YES_AGGRESSIVE;
				CLANG_CXX_LANGUAGE_STANDARD = "gnu++20";
				CLANG_ENABLE_MODULES = YES;
				CLANG_ENABLE_OBJC_ARC = YES;
				CLANG_ENABLE_OBJC_WEAK = YES;
				CLANG_WARN_BLOCK_CAPTURE_AUTORELEASING = YES;
				CLANG_WARN_BOOL_CONVERSION = YES;
				CLANG_WARN_COMMA = YES;
				CLANG_WARN_CONSTANT_CONVERSION = YES;
				CLANG_WARN_DEPRECATED_OBJC_IMPLEMENTATIONS = YES;
				CLANG_WARN_DIRECT_OBJC_ISA_USAGE = YES_ERROR;
				CLANG_WARN_DOCUMENTATION_COMMENTS = YES;
				CLANG_WARN_EMPTY_BODY = YES;
				CLANG_WARN_ENUM_CONVERSION = YES;
				CLANG_WARN_INFINITE_RECURSION = YES;
				CLANG_WARN_INT_CONVERSION = YES;
				CLANG_WARN_NON_LITERAL_NULL_CONVERSION = YES;
				CLANG_WARN_OBJC_IMPLICIT_RETAIN_SELF = YES;
				CLANG_WARN_OBJC_LITERAL_CONVERSION = YES;
				CLANG_WARN_OBJC_ROOT_CLASS = YES_ERROR;
				CLANG_WARN_QUOTED_INCLUDE_IN_FRAMEWORK_HEADER = YES;
				CLANG_WARN_RANGE_LOOP_ANALYSIS = YES;
				CLANG_WARN_STRICT_PROTOTYPES = YES;
				CLANG_WARN_SUSPICIOUS_MOVE = YES;
				CLANG_WARN_UNGUARDED_AVAILABILITY = YES_AGGRESSIVE;
				CLANG_WARN_UNREACHABLE_CODE = YES;
				CLANG_WARN__DUPLICATE_METHOD_MATCH = YES;
				COPY_PHASE_STRIP = NO;
				DEBUG_INFORMATION_FORMAT = "dwarf-with-dsym";
				ENABLE_NS_ASSERTIONS = NO;
				ENABLE_STRICT_OBJC_MSGSEND = YES;
				ENABLE_USER_SCRIPT_SANDBOXING = YES;
				GCC_C_LANGUAGE_STANDARD = gnu17;
				GCC_NO_COMMON_BLOCKS = YES;
				GCC_WARN_64_TO_32_BIT_CONVERSION = YES;
				GCC_WARN_ABOUT_RETURN_TYPE = YES_ERROR;
				GCC_WARN_UNDECLARED_SELECTOR = YES;
				GCC_WARN_UNINITIALIZED_AUTOS = YES_AGGRESSIVE;
				GCC_WARN_UNUSED_FUNCTION = YES;
				GCC_WARN_UNUSED_VARIABLE = YES;
				IPHONEOS_DEPLOYMENT_TARGET = 17.2;
				LOCALIZATION_PREFERS_STRING_CATALOGS = YES;
				MTL_ENABLE_DEBUG_INFO = NO;
				MTL_FAST_MATH = YES;
				SDKROOT = iphoneos;
				SWIFT_COMPILATION_MODE = wholemodule;
				VALIDATE_PRODUCT = YES;
			};
			name = Release;
		};
		7DE9574A2C2250F500E4ABCD /* Debug */ = {
			isa = XCBuildConfiguration;
			buildSettings = {
				ASSETCATALOG_COMPILER_APPICON_NAME = AppIcon;
				ASSETCATALOG_COMPILER_GLOBAL_ACCENT_COLOR_NAME = AccentColor;
				CODE_SIGN_STYLE = Automatic;
				CURRENT_PROJECT_VERSION = 1;
				GENERATE_INFOPLIST_FILE = YES;
				INFOPLIST_FILE = Memorit2/Info.plist;
				INFOPLIST_KEY_NSPhotoLibraryUsageDescription = "";
				INFOPLIST_KEY_UIApplicationSupportsIndirectInputEvents = YES;
				INFOPLIST_KEY_UILaunchStoryboardName = LaunchScreen;
				INFOPLIST_KEY_UIMainStoryboardFile = Main;
				INFOPLIST_KEY_UISupportedInterfaceOrientations_iPad = "UIInterfaceOrientationPortrait UIInterfaceOrientationPortraitUpsideDown UIInterfaceOrientationLandscapeLeft UIInterfaceOrientationLandscapeRight";
				INFOPLIST_KEY_UISupportedInterfaceOrientations_iPhone = "UIInterfaceOrientationPortrait UIInterfaceOrientationLandscapeLeft UIInterfaceOrientationLandscapeRight";
				IPHONEOS_DEPLOYMENT_TARGET = 16.0;
				LD_RUNPATH_SEARCH_PATHS = (
					"$(inherited)",
					"@executable_path/Frameworks",
				);
				MARKETING_VERSION = 1.0;
				PRODUCT_BUNDLE_IDENTIFIER = woocheon.Memorit2;
				PRODUCT_NAME = "$(TARGET_NAME)";
				SWIFT_EMIT_LOC_STRINGS = YES;
				SWIFT_VERSION = 5.0;
				TARGETED_DEVICE_FAMILY = "1,2";
			};
			name = Debug;
		};
		7DE9574B2C2250F500E4ABCD /* Release */ = {
			isa = XCBuildConfiguration;
			buildSettings = {
				ASSETCATALOG_COMPILER_APPICON_NAME = AppIcon;
				ASSETCATALOG_COMPILER_GLOBAL_ACCENT_COLOR_NAME = AccentColor;
				CODE_SIGN_STYLE = Automatic;
				CURRENT_PROJECT_VERSION = 1;
				GENERATE_INFOPLIST_FILE = YES;
				INFOPLIST_FILE = Memorit2/Info.plist;
				INFOPLIST_KEY_NSPhotoLibraryUsageDescription = "";
				INFOPLIST_KEY_UIApplicationSupportsIndirectInputEvents = YES;
				INFOPLIST_KEY_UILaunchStoryboardName = LaunchScreen;
				INFOPLIST_KEY_UIMainStoryboardFile = Main;
				INFOPLIST_KEY_UISupportedInterfaceOrientations_iPad = "UIInterfaceOrientationPortrait UIInterfaceOrientationPortraitUpsideDown UIInterfaceOrientationLandscapeLeft UIInterfaceOrientationLandscapeRight";
				INFOPLIST_KEY_UISupportedInterfaceOrientations_iPhone = "UIInterfaceOrientationPortrait UIInterfaceOrientationLandscapeLeft UIInterfaceOrientationLandscapeRight";
				IPHONEOS_DEPLOYMENT_TARGET = 16.0;
				LD_RUNPATH_SEARCH_PATHS = (
					"$(inherited)",
					"@executable_path/Frameworks",
				);
				MARKETING_VERSION = 1.0;
				PRODUCT_BUNDLE_IDENTIFIER = woocheon.Memorit2;
				PRODUCT_NAME = "$(TARGET_NAME)";
				SWIFT_EMIT_LOC_STRINGS = YES;
				SWIFT_VERSION = 5.0;
				TARGETED_DEVICE_FAMILY = "1,2";
			};
			name = Release;
		};
/* End XCBuildConfiguration section */

/* Begin XCConfigurationList section */
		7DE957302C2250F200E4ABCD /* Build configuration list for PBXProject "Memorit2" */ = {
			isa = XCConfigurationList;
			buildConfigurations = (
				7DE957472C2250F500E4ABCD /* Debug */,
				7DE957482C2250F500E4ABCD /* Release */,
			);
			defaultConfigurationIsVisible = 0;
			defaultConfigurationName = Release;
		};
		7DE957492C2250F500E4ABCD /* Build configuration list for PBXNativeTarget "Memorit2" */ = {
			isa = XCConfigurationList;
			buildConfigurations = (
				7DE9574A2C2250F500E4ABCD /* Debug */,
				7DE9574B2C2250F500E4ABCD /* Release */,
			);
			defaultConfigurationIsVisible = 0;
			defaultConfigurationName = Release;
		};
/* End XCConfigurationList section */
	};
	rootObject = 7DE9572D2C2250F200E4ABCD /* Project object */;
}
